
Microsoft Visual Studio Solution File, Format Version 12.00
# Visual Studio Version 17
VisualStudioVersion = 17.9.34714.143
MinimumVisualStudioVersion = 10.0.40219.1
Project("{9A19103F-16F7-4668-BE54-9A1E7A4F7556}") = "Library.GraphQL", "Src\Library.GraphQL\Library.GraphQL.csproj", "{8B62C51B-56DD-43DA-990D-1B8E0190C0D0}"
EndProject
Global
	GlobalSection(SolutionConfigurationPlatforms) = preSolution
		Debug|Any CPU = Debug|Any CPU
		Release|Any CPU = Release|Any CPU
	EndGlobalSection
	GlobalSection(ProjectConfigurationPlatforms) = postSolution
		{8B62C51B-56DD-43DA-990D-1B8E0190C0D0}.Debug|Any CPU.ActiveCfg = Debug|Any CPU
		{8B62C51B-56DD-43DA-990D-1B8E0190C0D0}.Debug|Any CPU.Build.0 = Debug|Any CPU
		{8B62C51B-56DD-43DA-990D-1B8E0190C0D0}.Release|Any CPU.ActiveCfg = Release|Any CPU
		{8B62C51B-56DD-43DA-990D-1B8E0190C0D0}.Release|Any CPU.Build.0 = Release|Any CPU
	EndGlobalSection
	GlobalSection(SolutionProperties) = preSolution
		HideSolutionNode = FALSE
	EndGlobalSection
	GlobalSection(ExtensibilityGlobals) = postSolution
		SolutionGuid = {DF5381CE-10A0-40E7-B5F7-8A25015409EF}
	EndGlobalSection
EndGlobal
