
Microsoft Visual Studio Solution File, Format Version 12.00
# Visual Studio Version 17
VisualStudioVersion = 17.9.34714.143
MinimumVisualStudioVersion = 10.0.40219.1
Project("{FAE04EC0-301F-11D3-BF4B-00C04F79EFBC}") = "Api-Demos", "Api-Demos\Api-Demos.csproj", "{B4F41648-41CC-4115-A245-2F4A537C526A}"
EndProject
Global
	GlobalSection(SolutionConfigurationPlatforms) = preSolution
		Debug|Any CPU = Debug|Any CPU
		Release|Any CPU = Release|Any CPU
	EndGlobalSection
	GlobalSection(ProjectConfigurationPlatforms) = postSolution
		{B4F41648-41CC-4115-A245-2F4A537C526A}.Debug|Any CPU.ActiveCfg = Debug|Any CPU
		{B4F41648-41CC-4115-A245-2F4A537C526A}.Debug|Any CPU.Build.0 = Debug|Any CPU
		{B4F41648-41CC-4115-A245-2F4A537C526A}.Release|Any CPU.ActiveCfg = Release|Any CPU
		{B4F41648-41CC-4115-A245-2F4A537C526A}.Release|Any CPU.Build.0 = Release|Any CPU
	EndGlobalSection
	GlobalSection(SolutionProperties) = preSolution
		HideSolutionNode = FALSE
	EndGlobalSection
	GlobalSection(ExtensibilityGlobals) = postSolution
		SolutionGuid = {DF5381CE-10A0-40E7-B5F7-8A25015409EF}
	EndGlobalSection
EndGlobal
